
Microsoft Visual Studio Solution File, Format Version 12.00
# Visual Studio Version 17
VisualStudioVersion = 17.3.32901.215
MinimumVisualStudioVersion = 10.0.40219.1
Project("{9A19103F-16F7-4668-BE54-9A1E7A4F7556}") = "Lab4", "Lab4.csproj", "{B2FB2FEE-12EA-446B-8D56-41261F438588}"
EndProject
Project("{FAE04EC0-301F-11D3-BF4B-00C04F79EFBC}") = "Lab4Classlib", "..\Lab4Classlib\Lab4Classlib.csproj", "{82CFB497-EAC8-49B8-9D38-6F6F3FCD69AA}"
EndProject
Global
	GlobalSection(SolutionConfigurationPlatforms) = preSolution
		Debug|Any CPU = Debug|Any CPU
		Release|Any CPU = Release|Any CPU
	EndGlobalSection
	GlobalSection(ProjectConfigurationPlatforms) = postSolution
		{B2FB2FEE-12EA-446B-8D56-41261F438588}.Debug|Any CPU.ActiveCfg = Debug|Any CPU
		{B2FB2FEE-12EA-446B-8D56-41261F438588}.Debug|Any CPU.Build.0 = Debug|Any CPU
		{B2FB2FEE-12EA-446B-8D56-41261F438588}.Release|Any CPU.ActiveCfg = Release|Any CPU
		{B2FB2FEE-12EA-446B-8D56-41261F438588}.Release|Any CPU.Build.0 = Release|Any CPU
		{82CFB497-EAC8-49B8-9D38-6F6F3FCD69AA}.Debug|Any CPU.ActiveCfg = Debug|Any CPU
		{82CFB497-EAC8-49B8-9D38-6F6F3FCD69AA}.Debug|Any CPU.Build.0 = Debug|Any CPU
		{82CFB497-EAC8-49B8-9D38-6F6F3FCD69AA}.Release|Any CPU.ActiveCfg = Release|Any CPU
		{82CFB497-EAC8-49B8-9D38-6F6F3FCD69AA}.Release|Any CPU.Build.0 = Release|Any CPU
	EndGlobalSection
	GlobalSection(SolutionProperties) = preSolution
		HideSolutionNode = FALSE
	EndGlobalSection
	GlobalSection(ExtensibilityGlobals) = postSolution
		SolutionGuid = {E2A90045-F7A8-4919-A17D-32FEFC1588F5}
	EndGlobalSection
EndGlobal
