
Microsoft Visual Studio Solution File, Format Version 12.00
# Visual Studio Version 17
VisualStudioVersion = 17.3.32901.215
MinimumVisualStudioVersion = 10.0.40219.1
Project("{9A19103F-16F7-4668-BE54-9A1E7A4F7556}") = "Lab1", "Lab1.csproj", "{DB41A62B-406A-473D-AAA3-E1D57725CC10}"
EndProject
Project("{FAE04EC0-301F-11D3-BF4B-00C04F79EFBC}") = "Lab1Test", "..\TestProject1\Lab1Test.csproj", "{A3BD330D-643E-4085-8903-B0D634B5F2F7}"
EndProject
Global
	GlobalSection(SolutionConfigurationPlatforms) = preSolution
		Debug|Any CPU = Debug|Any CPU
		Release|Any CPU = Release|Any CPU
	EndGlobalSection
	GlobalSection(ProjectConfigurationPlatforms) = postSolution
		{DB41A62B-406A-473D-AAA3-E1D57725CC10}.Debug|Any CPU.ActiveCfg = Debug|Any CPU
		{DB41A62B-406A-473D-AAA3-E1D57725CC10}.Debug|Any CPU.Build.0 = Debug|Any CPU
		{DB41A62B-406A-473D-AAA3-E1D57725CC10}.Release|Any CPU.ActiveCfg = Release|Any CPU
		{DB41A62B-406A-473D-AAA3-E1D57725CC10}.Release|Any CPU.Build.0 = Release|Any CPU
		{A3BD330D-643E-4085-8903-B0D634B5F2F7}.Debug|Any CPU.ActiveCfg = Debug|Any CPU
		{A3BD330D-643E-4085-8903-B0D634B5F2F7}.Debug|Any CPU.Build.0 = Debug|Any CPU
		{A3BD330D-643E-4085-8903-B0D634B5F2F7}.Release|Any CPU.ActiveCfg = Release|Any CPU
		{A3BD330D-643E-4085-8903-B0D634B5F2F7}.Release|Any CPU.Build.0 = Release|Any CPU
	EndGlobalSection
	GlobalSection(SolutionProperties) = preSolution
		HideSolutionNode = FALSE
	EndGlobalSection
	GlobalSection(ExtensibilityGlobals) = postSolution
		SolutionGuid = {67C44E92-4522-44C8-BE02-017CC6F59A20}
	EndGlobalSection
EndGlobal
